
Microsoft Visual Studio Solution File, Format Version 12.00
# Visual Studio Version 17
VisualStudioVersion = 17.3.32929.385
MinimumVisualStudioVersion = 10.0.40219.1
Project("{FAE04EC0-301F-11D3-BF4B-00C04F79EFBC}") = "chisloOt1DoN", "chisloOt1DoN.csproj", "{67FA069D-85B2-4B20-B7AF-A8E7B9C4B1D2}"
EndProject
Global
	GlobalSection(SolutionConfigurationPlatforms) = preSolution
		Debug|Any CPU = Debug|Any CPU
		Release|Any CPU = Release|Any CPU
	EndGlobalSection
	GlobalSection(ProjectConfigurationPlatforms) = postSolution
		{67FA069D-85B2-4B20-B7AF-A8E7B9C4B1D2}.Debug|Any CPU.ActiveCfg = Debug|Any CPU
		{67FA069D-85B2-4B20-B7AF-A8E7B9C4B1D2}.Debug|Any CPU.Build.0 = Debug|Any CPU
		{67FA069D-85B2-4B20-B7AF-A8E7B9C4B1D2}.Release|Any CPU.ActiveCfg = Release|Any CPU
		{67FA069D-85B2-4B20-B7AF-A8E7B9C4B1D2}.Release|Any CPU.Build.0 = Release|Any CPU
	EndGlobalSection
	GlobalSection(SolutionProperties) = preSolution
		HideSolutionNode = FALSE
	EndGlobalSection
	GlobalSection(ExtensibilityGlobals) = postSolution
		SolutionGuid = {8CF4911A-F397-4DEA-BA5F-01F5303B76AE}
	EndGlobalSection
EndGlobal
